
Microsoft Visual Studio Solution File, Format Version 12.00
# Visual Studio Version 17
VisualStudioVersion = 17.2.32526.322
MinimumVisualStudioVersion = 10.0.40219.1
Project("{FAE04EC0-301F-11D3-BF4B-00C04F79EFBC}") = "QueenFisher.Api", "QueenFisher.Api\QueenFisher.Api.csproj", "{8F0EBC27-A0AC-4EB1-8BE1-9B9A007199D5}"
EndProject
Project("{FAE04EC0-301F-11D3-BF4B-00C04F79EFBC}") = "QueenFisher.Data", "QueenFisher.Data\QueenFisher.Data.csproj", "{637EF68D-D327-4627-9448-3E37B200F90E}"
EndProject
Project("{FAE04EC0-301F-11D3-BF4B-00C04F79EFBC}") = "QueenFisher.Core", "QueenFisher.Core\QueenFisher.Core.csproj", "{F6B14D0D-1673-4111-B4A1-DDF6655F5C8F}"
EndProject
Global
	GlobalSection(SolutionConfigurationPlatforms) = preSolution
		Debug|Any CPU = Debug|Any CPU
		Release|Any CPU = Release|Any CPU
	EndGlobalSection
	GlobalSection(ProjectConfigurationPlatforms) = postSolution
		{8F0EBC27-A0AC-4EB1-8BE1-9B9A007199D5}.Debug|Any CPU.ActiveCfg = Debug|Any CPU
		{8F0EBC27-A0AC-4EB1-8BE1-9B9A007199D5}.Debug|Any CPU.Build.0 = Debug|Any CPU
		{8F0EBC27-A0AC-4EB1-8BE1-9B9A007199D5}.Release|Any CPU.ActiveCfg = Release|Any CPU
		{8F0EBC27-A0AC-4EB1-8BE1-9B9A007199D5}.Release|Any CPU.Build.0 = Release|Any CPU
		{637EF68D-D327-4627-9448-3E37B200F90E}.Debug|Any CPU.ActiveCfg = Debug|Any CPU
		{637EF68D-D327-4627-9448-3E37B200F90E}.Debug|Any CPU.Build.0 = Debug|Any CPU
		{637EF68D-D327-4627-9448-3E37B200F90E}.Release|Any CPU.ActiveCfg = Release|Any CPU
		{637EF68D-D327-4627-9448-3E37B200F90E}.Release|Any CPU.Build.0 = Release|Any CPU
		{F6B14D0D-1673-4111-B4A1-DDF6655F5C8F}.Debug|Any CPU.ActiveCfg = Debug|Any CPU
		{F6B14D0D-1673-4111-B4A1-DDF6655F5C8F}.Debug|Any CPU.Build.0 = Debug|Any CPU
		{F6B14D0D-1673-4111-B4A1-DDF6655F5C8F}.Release|Any CPU.ActiveCfg = Release|Any CPU
		{F6B14D0D-1673-4111-B4A1-DDF6655F5C8F}.Release|Any CPU.Build.0 = Release|Any CPU
	EndGlobalSection
	GlobalSection(SolutionProperties) = preSolution
		HideSolutionNode = FALSE
	EndGlobalSection
	GlobalSection(ExtensibilityGlobals) = postSolution
		SolutionGuid = {799C327C-4F91-4D2C-9756-10D5D67AF9E3}
	EndGlobalSection
EndGlobal
